
Microsoft Visual Studio Solution File, Format Version 12.00
# Visual Studio Version 16
VisualStudioVersion = 16.0.31605.320
MinimumVisualStudioVersion = 10.0.40219.1
Project("{FAE04EC0-301F-11D3-BF4B-00C04F79EFBC}") = "EssentialLesson13Task1", "EssentialLesson13Task1\EssentialLesson13Task1.csproj", "{3090838F-6252-4F76-BB16-6D1CFF98CD67}"
EndProject
Global
	GlobalSection(SolutionConfigurationPlatforms) = preSolution
		Debug|Any CPU = Debug|Any CPU
		Release|Any CPU = Release|Any CPU
	EndGlobalSection
	GlobalSection(ProjectConfigurationPlatforms) = postSolution
		{3090838F-6252-4F76-BB16-6D1CFF98CD67}.Debug|Any CPU.ActiveCfg = Debug|Any CPU
		{3090838F-6252-4F76-BB16-6D1CFF98CD67}.Debug|Any CPU.Build.0 = Debug|Any CPU
		{3090838F-6252-4F76-BB16-6D1CFF98CD67}.Release|Any CPU.ActiveCfg = Release|Any CPU
		{3090838F-6252-4F76-BB16-6D1CFF98CD67}.Release|Any CPU.Build.0 = Release|Any CPU
	EndGlobalSection
	GlobalSection(SolutionProperties) = preSolution
		HideSolutionNode = FALSE
	EndGlobalSection
	GlobalSection(ExtensibilityGlobals) = postSolution
		SolutionGuid = {E1442640-A75C-4D64-9273-C19BD889A42B}
	EndGlobalSection
EndGlobal
